// !$*UTF8*$!
{
	archiveVersion = 1;
	classes = {
	};
	objectVersion = 55;
	objects = {

/* Begin PBXBuildFile section */
		0A6B78D62965AB3B005A1888 /* BypassView.swift in Sources */ = {isa = PBXBuildFile; fileRef = 0A6B78D52965AB3B005A1888 /* BypassView.swift */; };
		0A6B78D82965AC3C005A1888 /* UnsupportedView.swift in Sources */ = {isa = PBXBuildFile; fileRef = 0A6B78D72965AC3C005A1888 /* UnsupportedView.swift */; };
		0A9317602932BF08002B3AF8 /* not_a_bypassApp.swift in Sources */ = {isa = PBXBuildFile; fileRef = 0A93175F2932BF08002B3AF8 /* not_a_bypassApp.swift */; };
		0A9317622932BF08002B3AF8 /* ContentView.swift in Sources */ = {isa = PBXBuildFile; fileRef = 0A9317612932BF08002B3AF8 /* ContentView.swift */; };
		0A9317642932BF0E002B3AF8 /* Assets.xcassets in Resources */ = {isa = PBXBuildFile; fileRef = 0A9317632932BF0E002B3AF8 /* Assets.xcassets */; };
		0A93176E2932BFE9002B3AF8 /* Controller.swift in Sources */ = {isa = PBXBuildFile; fileRef = 0A93176D2932BFE9002B3AF8 /* Controller.swift */; };
		0A9317702932C083002B3AF8 /* CommandRunner.swift in Sources */ = {isa = PBXBuildFile; fileRef = 0A93176F2932C083002B3AF8 /* CommandRunner.swift */; };
		0A9317752932C384002B3AF8 /* substitute-dummy.deb in Resources */ = {isa = PBXBuildFile; fileRef = 0A9317732932C36A002B3AF8 /* substitute-dummy.deb */; };
		0A9317782932C7D5002B3AF8 /* substitute.deb in Resources */ = {isa = PBXBuildFile; fileRef = 0A9317762932C7CB002B3AF8 /* substitute.deb */; };
		0AED52652968B0A400E02DB4 /* System.swift in Sources */ = {isa = PBXBuildFile; fileRef = 0AED52642968B0A400E02DB4 /* System.swift */; };
/* End PBXBuildFile section */

/* Begin PBXFileReference section */
		0A6B78D52965AB3B005A1888 /* BypassView.swift */ = {isa = PBXFileReference; lastKnownFileType = sourcecode.swift; path = BypassView.swift; sourceTree = "<group>"; };
		0A6B78D72965AC3C005A1888 /* UnsupportedView.swift */ = {isa = PBXFileReference; lastKnownFileType = sourcecode.swift; path = UnsupportedView.swift; sourceTree = "<group>"; };
		0A93175C2932BF08002B3AF8 /* Not a bypass.app */ = {isa = PBXFileReference; explicitFileType = wrapper.application; includeInIndex = 0; path = "Not a bypass.app"; sourceTree = BUILT_PRODUCTS_DIR; };
		0A93175F2932BF08002B3AF8 /* not_a_bypassApp.swift */ = {isa = PBXFileReference; lastKnownFileType = sourcecode.swift; path = not_a_bypassApp.swift; sourceTree = "<group>"; };
		0A9317612932BF08002B3AF8 /* ContentView.swift */ = {isa = PBXFileReference; lastKnownFileType = sourcecode.swift; path = ContentView.swift; sourceTree = "<group>"; };
		0A9317632932BF0E002B3AF8 /* Assets.xcassets */ = {isa = PBXFileReference; lastKnownFileType = folder.assetcatalog; path = Assets.xcassets; sourceTree = "<group>"; };
		0A93176D2932BFE9002B3AF8 /* Controller.swift */ = {isa = PBXFileReference; lastKnownFileType = sourcecode.swift; path = Controller.swift; sourceTree = "<group>"; };
		0A93176F2932C083002B3AF8 /* CommandRunner.swift */ = {isa = PBXFileReference; fileEncoding = 4; lastKnownFileType = sourcecode.swift; path = CommandRunner.swift; sourceTree = "<group>"; };
		0A9317712932C09A002B3AF8 /* not-a-bypass-BridgingHeader.h */ = {isa = PBXFileReference; lastKnownFileType = sourcecode.c.h; path = "not-a-bypass-BridgingHeader.h"; sourceTree = "<group>"; };
		0A9317732932C36A002B3AF8 /* substitute-dummy.deb */ = {isa = PBXFileReference; lastKnownFileType = archive.ar; path = "substitute-dummy.deb"; sourceTree = "<group>"; };
		0A9317762932C7CB002B3AF8 /* substitute.deb */ = {isa = PBXFileReference; lastKnownFileType = archive.ar; path = substitute.deb; sourceTree = "<group>"; };
		0AED52642968B0A400E02DB4 /* System.swift */ = {isa = PBXFileReference; lastKnownFileType = sourcecode.swift; path = System.swift; sourceTree = "<group>"; };
/* End PBXFileReference section */

/* Begin PBXFrameworksBuildPhase section */
		0A9317592932BF08002B3AF8 /* Frameworks */ = {
			isa = PBXFrameworksBuildPhase;
			buildActionMask = 2147483647;
			files = (
			);
			runOnlyForDeploymentPostprocessing = 0;
		};
/* End PBXFrameworksBuildPhase section */

/* Begin PBXGroup section */
		0A6B78D92965E317005A1888 /* Views */ = {
			isa = PBXGroup;
			children = (
				0A9317612932BF08002B3AF8 /* ContentView.swift */,
				0A6B78D52965AB3B005A1888 /* BypassView.swift */,
				0A6B78D72965AC3C005A1888 /* UnsupportedView.swift */,
			);
			path = Views;
			sourceTree = "<group>";
		};
		0A6B78DA2965E349005A1888 /* Utility */ = {
			isa = PBXGroup;
			children = (
				0A93176F2932C083002B3AF8 /* CommandRunner.swift */,
				0A93176D2932BFE9002B3AF8 /* Controller.swift */,
				0AED52642968B0A400E02DB4 /* System.swift */,
			);
			path = Utility;
			sourceTree = "<group>";
		};
		0A9317532932BF08002B3AF8 = {
			isa = PBXGroup;
			children = (
				0A93175E2932BF08002B3AF8 /* not-a-bypass */,
				0A93175D2932BF08002B3AF8 /* Products */,
			);
			sourceTree = "<group>";
		};
		0A93175D2932BF08002B3AF8 /* Products */ = {
			isa = PBXGroup;
			children = (
				0A93175C2932BF08002B3AF8 /* Not a bypass.app */,
			);
			name = Products;
			sourceTree = "<group>";
		};
		0A93175E2932BF08002B3AF8 /* not-a-bypass */ = {
			isa = PBXGroup;
			children = (
				0A9317722932C355002B3AF8 /* Required */,
				0A6B78DA2965E349005A1888 /* Utility */,
				0A6B78D92965E317005A1888 /* Views */,
				0A93175F2932BF08002B3AF8 /* not_a_bypassApp.swift */,
				0A9317712932C09A002B3AF8 /* not-a-bypass-BridgingHeader.h */,
				0A9317632932BF0E002B3AF8 /* Assets.xcassets */,
			);
			path = "not-a-bypass";
			sourceTree = "<group>";
		};
		0A9317722932C355002B3AF8 /* Required */ = {
			isa = PBXGroup;
			children = (
				0A9317732932C36A002B3AF8 /* substitute-dummy.deb */,
				0A9317762932C7CB002B3AF8 /* substitute.deb */,
			);
			path = Required;
			sourceTree = "<group>";
		};
/* End PBXGroup section */

/* Begin PBXNativeTarget section */
		0A93175B2932BF08002B3AF8 /* not-a-bypass */ = {
			isa = PBXNativeTarget;
			buildConfigurationList = 0A93176A2932BF0E002B3AF8 /* Build configuration list for PBXNativeTarget "not-a-bypass" */;
			buildPhases = (
				0A9317582932BF08002B3AF8 /* Sources */,
				0A9317592932BF08002B3AF8 /* Frameworks */,
				0A93175A2932BF08002B3AF8 /* Resources */,
			);
			buildRules = (
			);
			dependencies = (
			);
			name = "not-a-bypass";
			productName = "not-a-bypass";
			productReference = 0A93175C2932BF08002B3AF8 /* Not a bypass.app */;
			productType = "com.apple.product-type.application";
		};
/* End PBXNativeTarget section */

/* Begin PBXProject section */
		0A9317542932BF08002B3AF8 /* Project object */ = {
			isa = PBXProject;
			attributes = {
				BuildIndependentTargetsInParallel = 1;
				LastSwiftUpdateCheck = 1340;
				LastUpgradeCheck = 1340;
				TargetAttributes = {
					0A93175B2932BF08002B3AF8 = {
						CreatedOnToolsVersion = 13.4.1;
					};
				};
			};
			buildConfigurationList = 0A9317572932BF08002B3AF8 /* Build configuration list for PBXProject "not-a-bypass" */;
			compatibilityVersion = "Xcode 13.0";
			developmentRegion = en;
			hasScannedForEncodings = 0;
			knownRegions = (
				en,
				Base,
			);
			mainGroup = 0A9317532932BF08002B3AF8;
			productRefGroup = 0A93175D2932BF08002B3AF8 /* Products */;
			projectDirPath = "";
			projectRoot = "";
			targets = (
				0A93175B2932BF08002B3AF8 /* not-a-bypass */,
			);
		};
/* End PBXProject section */

/* Begin PBXResourcesBuildPhase section */
		0A93175A2932BF08002B3AF8 /* Resources */ = {
			isa = PBXResourcesBuildPhase;
			buildActionMask = 2147483647;
			files = (
				0A9317782932C7D5002B3AF8 /* substitute.deb in Resources */,
				0A9317752932C384002B3AF8 /* substitute-dummy.deb in Resources */,
				0A9317642932BF0E002B3AF8 /* Assets.xcassets in Resources */,
			);
			runOnlyForDeploymentPostprocessing = 0;
		};
/* End PBXResourcesBuildPhase section */

/* Begin PBXSourcesBuildPhase section */
		0A9317582932BF08002B3AF8 /* Sources */ = {
			isa = PBXSourcesBuildPhase;
			buildActionMask = 2147483647;
			files = (
				0A6B78D82965AC3C005A1888 /* UnsupportedView.swift in Sources */,
				0AED52652968B0A400E02DB4 /* System.swift in Sources */,
				0A6B78D62965AB3B005A1888 /* BypassView.swift in Sources */,
				0A93176E2932BFE9002B3AF8 /* Controller.swift in Sources */,
				0A9317622932BF08002B3AF8 /* ContentView.swift in Sources */,
				0A9317602932BF08002B3AF8 /* not_a_bypassApp.swift in Sources */,
				0A9317702932C083002B3AF8 /* CommandRunner.swift in Sources */,
			);
			runOnlyForDeploymentPostprocessing = 0;
		};
/* End PBXSourcesBuildPhase section */

/* Begin XCBuildConfiguration section */
		0A9317682932BF0E002B3AF8 /* Debug */ = {
			isa = XCBuildConfiguration;
			buildSettings = {
				ALWAYS_SEARCH_USER_PATHS = NO;
				CLANG_ANALYZER_NONNULL = YES;
				CLANG_ANALYZER_NUMBER_OBJECT_CONVERSION = YES_AGGRESSIVE;
				CLANG_CXX_LANGUAGE_STANDARD = "gnu++17";
				CLANG_ENABLE_MODULES = YES;
				CLANG_ENABLE_OBJC_ARC = YES;
				CLANG_ENABLE_OBJC_WEAK = YES;
				CLANG_WARN_BLOCK_CAPTURE_AUTORELEASING = YES;
				CLANG_WARN_BOOL_CONVERSION = YES;
				CLANG_WARN_COMMA = YES;
				CLANG_WARN_CONSTANT_CONVERSION = YES;
				CLANG_WARN_DEPRECATED_OBJC_IMPLEMENTATIONS = YES;
				CLANG_WARN_DIRECT_OBJC_ISA_USAGE = YES_ERROR;
				CLANG_WARN_DOCUMENTATION_COMMENTS = YES;
				CLANG_WARN_EMPTY_BODY = YES;
				CLANG_WARN_ENUM_CONVERSION = YES;
				CLANG_WARN_INFINITE_RECURSION = YES;
				CLANG_WARN_INT_CONVERSION = YES;
				CLANG_WARN_NON_LITERAL_NULL_CONVERSION = YES;
				CLANG_WARN_OBJC_IMPLICIT_RETAIN_SELF = YES;
				CLANG_WARN_OBJC_LITERAL_CONVERSION = YES;
				CLANG_WARN_OBJC_ROOT_CLASS = YES_ERROR;
				CLANG_WARN_QUOTED_INCLUDE_IN_FRAMEWORK_HEADER = YES;
				CLANG_WARN_RANGE_LOOP_ANALYSIS = YES;
				CLANG_WARN_STRICT_PROTOTYPES = YES;
				CLANG_WARN_SUSPICIOUS_MOVE = YES;
				CLANG_WARN_UNGUARDED_AVAILABILITY = YES_AGGRESSIVE;
				CLANG_WARN_UNREACHABLE_CODE = YES;
				CLANG_WARN__DUPLICATE_METHOD_MATCH = YES;
				COPY_PHASE_STRIP = NO;
				DEBUG_INFORMATION_FORMAT = dwarf;
				ENABLE_STRICT_OBJC_MSGSEND = YES;
				ENABLE_TESTABILITY = YES;
				GCC_C_LANGUAGE_STANDARD = gnu11;
				GCC_DYNAMIC_NO_PIC = NO;
				GCC_NO_COMMON_BLOCKS = YES;
				GCC_OPTIMIZATION_LEVEL = 0;
				GCC_PREPROCESSOR_DEFINITIONS = (
					"DEBUG=1",
					"$(inherited)",
				);
				GCC_WARN_64_TO_32_BIT_CONVERSION = YES;
				GCC_WARN_ABOUT_RETURN_TYPE = YES_ERROR;
				GCC_WARN_UNDECLARED_SELECTOR = YES;
				GCC_WARN_UNINITIALIZED_AUTOS = YES_AGGRESSIVE;
				GCC_WARN_UNUSED_FUNCTION = YES;
				GCC_WARN_UNUSED_VARIABLE = YES;
				IPHONEOS_DEPLOYMENT_TARGET = 15.5;
				MTL_ENABLE_DEBUG_INFO = INCLUDE_SOURCE;
				MTL_FAST_MATH = YES;
				ONLY_ACTIVE_ARCH = YES;
				SDKROOT = iphoneos;
				SWIFT_ACTIVE_COMPILATION_CONDITIONS = DEBUG;
				SWIFT_OPTIMIZATION_LEVEL = "-Onone";
			};
			name = Debug;
		};
		0A9317692932BF0E002B3AF8 /* Release */ = {
			isa = XCBuildConfiguration;
			buildSettings = {
				ALWAYS_SEARCH_USER_PATHS = NO;
				CLANG_ANALYZER_NONNULL = YES;
				CLANG_ANALYZER_NUMBER_OBJECT_CONVERSION = YES_AGGRESSIVE;
				CLANG_CXX_LANGUAGE_STANDARD = "gnu++17";
				CLANG_ENABLE_MODULES = YES;
				CLANG_ENABLE_OBJC_ARC = YES;
				CLANG_ENABLE_OBJC_WEAK = YES;
				CLANG_WARN_BLOCK_CAPTURE_AUTORELEASING = YES;
				CLANG_WARN_BOOL_CONVERSION = YES;
				CLANG_WARN_COMMA = YES;
				CLANG_WARN_CONSTANT_CONVERSION = YES;
				CLANG_WARN_DEPRECATED_OBJC_IMPLEMENTATIONS = YES;
				CLANG_WARN_DIRECT_OBJC_ISA_USAGE = YES_ERROR;
				CLANG_WARN_DOCUMENTATION_COMMENTS = YES;
				CLANG_WARN_EMPTY_BODY = YES;
				CLANG_WARN_ENUM_CONVERSION = YES;
				CLANG_WARN_INFINITE_RECURSION = YES;
				CLANG_WARN_INT_CONVERSION = YES;
				CLANG_WARN_NON_LITERAL_NULL_CONVERSION = YES;
				CLANG_WARN_OBJC_IMPLICIT_RETAIN_SELF = YES;
				CLANG_WARN_OBJC_LITERAL_CONVERSION = YES;
				CLANG_WARN_OBJC_ROOT_CLASS = YES_ERROR;
				CLANG_WARN_QUOTED_INCLUDE_IN_FRAMEWORK_HEADER = YES;
				CLANG_WARN_RANGE_LOOP_ANALYSIS = YES;
				CLANG_WARN_STRICT_PROTOTYPES = YES;
				CLANG_WARN_SUSPICIOUS_MOVE = YES;
				CLANG_WARN_UNGUARDED_AVAILABILITY = YES_AGGRESSIVE;
				CLANG_WARN_UNREACHABLE_CODE = YES;
				CLANG_WARN__DUPLICATE_METHOD_MATCH = YES;
				COPY_PHASE_STRIP = NO;
				DEBUG_INFORMATION_FORMAT = "dwarf-with-dsym";
				ENABLE_NS_ASSERTIONS = NO;
				ENABLE_STRICT_OBJC_MSGSEND = YES;
				GCC_C_LANGUAGE_STANDARD = gnu11;
				GCC_NO_COMMON_BLOCKS = YES;
				GCC_WARN_64_TO_32_BIT_CONVERSION = YES;
				GCC_WARN_ABOUT_RETURN_TYPE = YES_ERROR;
				GCC_WARN_UNDECLARED_SELECTOR = YES;
				GCC_WARN_UNINITIALIZED_AUTOS = YES_AGGRESSIVE;
				GCC_WARN_UNUSED_FUNCTION = YES;
				GCC_WARN_UNUSED_VARIABLE = YES;
				IPHONEOS_DEPLOYMENT_TARGET = 15.5;
				MTL_ENABLE_DEBUG_INFO = NO;
				MTL_FAST_MATH = YES;
				SDKROOT = iphoneos;
				SWIFT_COMPILATION_MODE = wholemodule;
				SWIFT_OPTIMIZATION_LEVEL = "-O";
				VALIDATE_PRODUCT = YES;
			};
			name = Release;
		};
		0A93176B2932BF0E002B3AF8 /* Debug */ = {
			isa = XCBuildConfiguration;
			buildSettings = {
				ASSETCATALOG_COMPILER_APPICON_NAME = AppIcon;
				ASSETCATALOG_COMPILER_GLOBAL_ACCENT_COLOR_NAME = AccentColor;
				CODE_SIGN_STYLE = Automatic;
				CURRENT_PROJECT_VERSION = 1;
				DEVELOPMENT_ASSET_PATHS = "";
				DEVELOPMENT_TEAM = J27CJZ35AZ;
				ENABLE_PREVIEWS = YES;
				GENERATE_INFOPLIST_FILE = YES;
				INFOPLIST_KEY_UIApplicationSceneManifest_Generation = YES;
				INFOPLIST_KEY_UIApplicationSupportsIndirectInputEvents = YES;
				INFOPLIST_KEY_UILaunchScreen_Generation = YES;
				INFOPLIST_KEY_UISupportedInterfaceOrientations_iPad = "UIInterfaceOrientationPortrait UIInterfaceOrientationPortraitUpsideDown UIInterfaceOrientationLandscapeLeft UIInterfaceOrientationLandscapeRight";
				INFOPLIST_KEY_UISupportedInterfaceOrientations_iPhone = "UIInterfaceOrientationPortrait UIInterfaceOrientationLandscapeLeft UIInterfaceOrientationLandscapeRight";
				IPHONEOS_DEPLOYMENT_TARGET = 14.0;
				LD_RUNPATH_SEARCH_PATHS = (
					"$(inherited)",
					"@executable_path/Frameworks",
				);
				LIBRARY_SEARCH_PATHS = (
					"$(inherited)",
					"$(PROJECT_DIR)/not-a-bypass/Required",
				);
				MARKETING_VERSION = 1.0;
				PRODUCT_BUNDLE_IDENTIFIER = "com.uckermark.not-a-bypass";
				PRODUCT_NAME = "Not a bypass";
				SWIFT_EMIT_LOC_STRINGS = YES;
				SWIFT_OBJC_BRIDGING_HEADER = "not-a-bypass/not-a-bypass-BridgingHeader.h";
				SWIFT_VERSION = 5.0;
				TARGETED_DEVICE_FAMILY = "1,2";
			};
			name = Debug;
		};
		0A93176C2932BF0E002B3AF8 /* Release */ = {
			isa = XCBuildConfiguration;
			buildSettings = {
				ASSETCATALOG_COMPILER_APPICON_NAME = AppIcon;
				ASSETCATALOG_COMPILER_GLOBAL_ACCENT_COLOR_NAME = AccentColor;
				CODE_SIGN_STYLE = Automatic;
				CURRENT_PROJECT_VERSION = 1;
				DEVELOPMENT_ASSET_PATHS = "";
				DEVELOPMENT_TEAM = J27CJZ35AZ;
				ENABLE_PREVIEWS = YES;
				GENERATE_INFOPLIST_FILE = YES;
				INFOPLIST_KEY_UIApplicationSceneManifest_Generation = YES;
				INFOPLIST_KEY_UIApplicationSupportsIndirectInputEvents = YES;
				INFOPLIST_KEY_UILaunchScreen_Generation = YES;
				INFOPLIST_KEY_UISupportedInterfaceOrientations_iPad = "UIInterfaceOrientationPortrait UIInterfaceOrientationPortraitUpsideDown UIInterfaceOrientationLandscapeLeft UIInterfaceOrientationLandscapeRight";
				INFOPLIST_KEY_UISupportedInterfaceOrientations_iPhone = "UIInterfaceOrientationPortrait UIInterfaceOrientationLandscapeLeft UIInterfaceOrientationLandscapeRight";
				IPHONEOS_DEPLOYMENT_TARGET = 14.0;
				LD_RUNPATH_SEARCH_PATHS = (
					"$(inherited)",
					"@executable_path/Frameworks",
				);
				LIBRARY_SEARCH_PATHS = (
					"$(inherited)",
					"$(PROJECT_DIR)/not-a-bypass/Required",
				);
				MARKETING_VERSION = 1.0;
				PRODUCT_BUNDLE_IDENTIFIER = "com.uckermark.not-a-bypass";
				PRODUCT_NAME = "Not a bypass";
				SWIFT_EMIT_LOC_STRINGS = YES;
				SWIFT_OBJC_BRIDGING_HEADER = "not-a-bypass/not-a-bypass-BridgingHeader.h";
				SWIFT_VERSION = 5.0;
				TARGETED_DEVICE_FAMILY = "1,2";
			};
			name = Release;
		};
/* End XCBuildConfiguration section */

/* Begin XCConfigurationList section */
		0A9317572932BF08002B3AF8 /* Build configuration list for PBXProject "not-a-bypass" */ = {
			isa = XCConfigurationList;
			buildConfigurations = (
				0A9317682932BF0E002B3AF8 /* Debug */,
				0A9317692932BF0E002B3AF8 /* Release */,
			);
			defaultConfigurationIsVisible = 0;
			defaultConfigurationName = Release;
		};
		0A93176A2932BF0E002B3AF8 /* Build configuration list for PBXNativeTarget "not-a-bypass" */ = {
			isa = XCConfigurationList;
			buildConfigurations = (
				0A93176B2932BF0E002B3AF8 /* Debug */,
				0A93176C2932BF0E002B3AF8 /* Release */,
			);
			defaultConfigurationIsVisible = 0;
			defaultConfigurationName = Release;
		};
/* End XCConfigurationList section */
	};
	rootObject = 0A9317542932BF08002B3AF8 /* Project object */;
}
